// !$*UTF8*$!
{
	archiveVersion = 1;
	classes = {
	};
	objectVersion = 46;
	objects = {

/* Begin PBXBuildFile section */
		B54FF8F41AB7A69400450107 /* SettingsViewController.swift in Sources */ = {isa = PBXBuildFile; fileRef = B54FF8F31AB7A69400450107 /* SettingsViewController.swift */; };
		B582C4711AAEF3CA0083AD9A /* AppDelegate.swift in Sources */ = {isa = PBXBuildFile; fileRef = B582C4701AAEF3CA0083AD9A /* AppDelegate.swift */; };
		B582C4731AAEF3CA0083AD9A /* ViewController.swift in Sources */ = {isa = PBXBuildFile; fileRef = B582C4721AAEF3CA0083AD9A /* ViewController.swift */; };
		B582C4761AAEF3CA0083AD9A /* Main.storyboard in Resources */ = {isa = PBXBuildFile; fileRef = B582C4741AAEF3CA0083AD9A /* Main.storyboard */; };
		B582C4781AAEF3CA0083AD9A /* Images.xcassets in Resources */ = {isa = PBXBuildFile; fileRef = B582C4771AAEF3CA0083AD9A /* Images.xcassets */; };
		B582C47B1AAEF3CA0083AD9A /* LaunchScreen.xib in Resources */ = {isa = PBXBuildFile; fileRef = B582C4791AAEF3CA0083AD9A /* LaunchScreen.xib */; };
		B582C4871AAEF3CB0083AD9A /* tipsTests.swift in Sources */ = {isa = PBXBuildFile; fileRef = B582C4861AAEF3CB0083AD9A /* tipsTests.swift */; };
/* End PBXBuildFile section */

/* Begin PBXContainerItemProxy section */
		B582C4811AAEF3CB0083AD9A /* PBXContainerItemProxy */ = {
			isa = PBXContainerItemProxy;
			containerPortal = B582C4631AAEF3CA0083AD9A /* Project object */;
			proxyType = 1;
			remoteGlobalIDString = B582C46A1AAEF3CA0083AD9A;
			remoteInfo = tips;
		};
/* End PBXContainerItemProxy section */

/* Begin PBXFileReference section */
		B54FF8F31AB7A69400450107 /* SettingsViewController.swift */ = {isa = PBXFileReference; fileEncoding = 4; lastKnownFileType = sourcecode.swift; path = SettingsViewController.swift; sourceTree = "<group>"; };
		B582C46B1AAEF3CA0083AD9A /* tips.app */ = {isa = PBXFileReference; explicitFileType = wrapper.application; includeInIndex = 0; path = tips.app; sourceTree = BUILT_PRODUCTS_DIR; };
		B582C46F1AAEF3CA0083AD9A /* Info.plist */ = {isa = PBXFileReference; lastKnownFileType = text.plist.xml; path = Info.plist; sourceTree = "<group>"; };
		B582C4701AAEF3CA0083AD9A /* AppDelegate.swift */ = {isa = PBXFileReference; lastKnownFileType = sourcecode.swift; path = AppDelegate.swift; sourceTree = "<group>"; };
		B582C4721AAEF3CA0083AD9A /* ViewController.swift */ = {isa = PBXFileReference; lastKnownFileType = sourcecode.swift; path = ViewController.swift; sourceTree = "<group>"; };
		B582C4751AAEF3CA0083AD9A /* Base */ = {isa = PBXFileReference; lastKnownFileType = file.storyboard; name = Base; path = Base.lproj/Main.storyboard; sourceTree = "<group>"; };
		B582C4771AAEF3CA0083AD9A /* Images.xcassets */ = {isa = PBXFileReference; lastKnownFileType = folder.assetcatalog; path = Images.xcassets; sourceTree = "<group>"; };
		B582C47A1AAEF3CA0083AD9A /* Base */ = {isa = PBXFileReference; lastKnownFileType = file.xib; name = Base; path = Base.lproj/LaunchScreen.xib; sourceTree = "<group>"; };
		B582C4801AAEF3CB0083AD9A /* tipsTests.xctest */ = {isa = PBXFileReference; explicitFileType = wrapper.cfbundle; includeInIndex = 0; path = tipsTests.xctest; sourceTree = BUILT_PRODUCTS_DIR; };
		B582C4851AAEF3CB0083AD9A /* Info.plist */ = {isa = PBXFileReference; lastKnownFileType = text.plist.xml; path = Info.plist; sourceTree = "<group>"; };
		B582C4861AAEF3CB0083AD9A /* tipsTests.swift */ = {isa = PBXFileReference; lastKnownFileType = sourcecode.swift; path = tipsTests.swift; sourceTree = "<group>"; };
/* End PBXFileReference section */

/* Begin PBXFrameworksBuildPhase section */
		B582C4681AAEF3CA0083AD9A /* Frameworks */ = {
			isa = PBXFrameworksBuildPhase;
			buildActionMask = 2147483647;
			files = (
			);
			runOnlyForDeploymentPostprocessing = 0;
		};
		B582C47D1AAEF3CA0083AD9A /* Frameworks */ = {
			isa = PBXFrameworksBuildPhase;
			buildActionMask = 2147483647;
			files = (
			);
			runOnlyForDeploymentPostprocessing = 0;
		};
/* End PBXFrameworksBuildPhase section */

/* Begin PBXGroup section */
		B582C4621AAEF3CA0083AD9A = {
			isa = PBXGroup;
			children = (
				B582C46D1AAEF3CA0083AD9A /* tips */,
				B582C4831AAEF3CB0083AD9A /* tipsTests */,
				B582C46C1AAEF3CA0083AD9A /* Products */,
			);
			sourceTree = "<group>";
		};
		B582C46C1AAEF3CA0083AD9A /* Products */ = {
			isa = PBXGroup;
			children = (
				B582C46B1AAEF3CA0083AD9A /* tips.app */,
				B582C4801AAEF3CB0083AD9A /* tipsTests.xctest */,
			);
			name = Products;
			sourceTree = "<group>";
		};
		B582C46D1AAEF3CA0083AD9A /* tips */ = {
			isa = PBXGroup;
			children = (
				B582C4701AAEF3CA0083AD9A /* AppDelegate.swift */,
				B582C4721AAEF3CA0083AD9A /* ViewController.swift */,
				B582C4741AAEF3CA0083AD9A /* Main.storyboard */,
				B54FF8F31AB7A69400450107 /* SettingsViewController.swift */,
				B582C4771AAEF3CA0083AD9A /* Images.xcassets */,
				B582C4791AAEF3CA0083AD9A /* LaunchScreen.xib */,
				B582C46E1AAEF3CA0083AD9A /* Supporting Files */,
			);
			path = tips;
			sourceTree = "<group>";
		};
		B582C46E1AAEF3CA0083AD9A /* Supporting Files */ = {
			isa = PBXGroup;
			children = (
				B582C46F1AAEF3CA0083AD9A /* Info.plist */,
			);
			name = "Supporting Files";
			sourceTree = "<group>";
		};
		B582C4831AAEF3CB0083AD9A /* tipsTests */ = {
			isa = PBXGroup;
			children = (
				B582C4861AAEF3CB0083AD9A /* tipsTests.swift */,
				B582C4841AAEF3CB0083AD9A /* Supporting Files */,
			);
			path = tipsTests;
			sourceTree = "<group>";
		};
		B582C4841AAEF3CB0083AD9A /* Supporting Files */ = {
			isa = PBXGroup;
			children = (
				B582C4851AAEF3CB0083AD9A /* Info.plist */,
			);
			name = "Supporting Files";
			sourceTree = "<group>";
		};
/* End PBXGroup section */

/* Begin PBXNativeTarget section */
		B582C46A1AAEF3CA0083AD9A /* tips */ = {
			isa = PBXNativeTarget;
			buildConfigurationList = B582C48A1AAEF3CB0083AD9A /* Build configuration list for PBXNativeTarget "tips" */;
			buildPhases = (
				B582C4671AAEF3CA0083AD9A /* Sources */,
				B582C4681AAEF3CA0083AD9A /* Frameworks */,
				B582C4691AAEF3CA0083AD9A /* Resources */,
			);
			buildRules = (
			);
			dependencies = (
			);
			name = tips;
			productName = tips;
			productReference = B582C46B1AAEF3CA0083AD9A /* tips.app */;
			productType = "com.apple.product-type.application";
		};
		B582C47F1AAEF3CA0083AD9A /* tipsTests */ = {
			isa = PBXNativeTarget;
			buildConfigurationList = B582C48D1AAEF3CB0083AD9A /* Build configuration list for PBXNativeTarget "tipsTests" */;
			buildPhases = (
				B582C47C1AAEF3CA0083AD9A /* Sources */,
				B582C47D1AAEF3CA0083AD9A /* Frameworks */,
				B582C47E1AAEF3CA0083AD9A /* Resources */,
			);
			buildRules = (
			);
			dependencies = (
				B582C4821AAEF3CB0083AD9A /* PBXTargetDependency */,
			);
			name = tipsTests;
			productName = tipsTests;
			productReference = B582C4801AAEF3CB0083AD9A /* tipsTests.xctest */;
			productType = "com.apple.product-type.bundle.unit-test";
		};
/* End PBXNativeTarget section */

/* Begin PBXProject section */
		B582C4631AAEF3CA0083AD9A /* Project object */ = {
			isa = PBXProject;
			attributes = {
				LastUpgradeCheck = 0610;
				ORGANIZATIONNAME = "Sherman Leung";
				TargetAttributes = {
					B582C46A1AAEF3CA0083AD9A = {
						CreatedOnToolsVersion = 6.1.1;
						DevelopmentTeam = 8YJ2342CPM;
					};
					B582C47F1AAEF3CA0083AD9A = {
						CreatedOnToolsVersion = 6.1.1;
						TestTargetID = B582C46A1AAEF3CA0083AD9A;
					};
				};
			};
			buildConfigurationList = B582C4661AAEF3CA0083AD9A /* Build configuration list for PBXProject "tips" */;
			compatibilityVersion = "Xcode 3.2";
			developmentRegion = English;
			hasScannedForEncodings = 0;
			knownRegions = (
				en,
				Base,
			);
			mainGroup = B582C4621AAEF3CA0083AD9A;
			productRefGroup = B582C46C1AAEF3CA0083AD9A /* Products */;
			projectDirPath = "";
			projectRoot = "";
			targets = (
				B582C46A1AAEF3CA0083AD9A /* tips */,
				B582C47F1AAEF3CA0083AD9A /* tipsTests */,
			);
		};
/* End PBXProject section */

/* Begin PBXResourcesBuildPhase section */
		B582C4691AAEF3CA0083AD9A /* Resources */ = {
			isa = PBXResourcesBuildPhase;
			buildActionMask = 2147483647;
			files = (
				B582C4761AAEF3CA0083AD9A /* Main.storyboard in Resources */,
				B582C47B1AAEF3CA0083AD9A /* LaunchScreen.xib in Resources */,
				B582C4781AAEF3CA0083AD9A /* Images.xcassets in Resources */,
			);
			runOnlyForDeploymentPostprocessing = 0;
		};
		B582C47E1AAEF3CA0083AD9A /* Resources */ = {
			isa = PBXResourcesBuildPhase;
			buildActionMask = 2147483647;
			files = (
			);
			runOnlyForDeploymentPostprocessing = 0;
		};
/* End PBXResourcesBuildPhase section */

/* Begin PBXSourcesBuildPhase section */
		B582C4671AAEF3CA0083AD9A /* Sources */ = {
			isa = PBXSourcesBuildPhase;
			buildActionMask = 2147483647;
			files = (
				B582C4731AAEF3CA0083AD9A /* ViewController.swift in Sources */,
				B582C4711AAEF3CA0083AD9A /* AppDelegate.swift in Sources */,
				B54FF8F41AB7A69400450107 /* SettingsViewController.swift in Sources */,
			);
			runOnlyForDeploymentPostprocessing = 0;
		};
		B582C47C1AAEF3CA0083AD9A /* Sources */ = {
			isa = PBXSourcesBuildPhase;
			buildActionMask = 2147483647;
			files = (
				B582C4871AAEF3CB0083AD9A /* tipsTests.swift in Sources */,
			);
			runOnlyForDeploymentPostprocessing = 0;
		};
/* End PBXSourcesBuildPhase section */

/* Begin PBXTargetDependency section */
		B582C4821AAEF3CB0083AD9A /* PBXTargetDependency */ = {
			isa = PBXTargetDependency;
			target = B582C46A1AAEF3CA0083AD9A /* tips */;
			targetProxy = B582C4811AAEF3CB0083AD9A /* PBXContainerItemProxy */;
		};
/* End PBXTargetDependency section */

/* Begin PBXVariantGroup section */
		B582C4741AAEF3CA0083AD9A /* Main.storyboard */ = {
			isa = PBXVariantGroup;
			children = (
				B582C4751AAEF3CA0083AD9A /* Base */,
			);
			name = Main.storyboard;
			sourceTree = "<group>";
		};
		B582C4791AAEF3CA0083AD9A /* LaunchScreen.xib */ = {
			isa = PBXVariantGroup;
			children = (
				B582C47A1AAEF3CA0083AD9A /* Base */,
			);
			name = LaunchScreen.xib;
			sourceTree = "<group>";
		};
/* End PBXVariantGroup section */

/* Begin XCBuildConfiguration section */
		B582C4881AAEF3CB0083AD9A /* Debug */ = {
			isa = XCBuildConfiguration;
			buildSettings = {
				ALWAYS_SEARCH_USER_PATHS = NO;
				CLANG_CXX_LANGUAGE_STANDARD = "gnu++0x";
				CLANG_CXX_LIBRARY = "libc++";
				CLANG_ENABLE_MODULES = YES;
				CLANG_ENABLE_OBJC_ARC = YES;
				CLANG_WARN_BOOL_CONVERSION = YES;
				CLANG_WARN_CONSTANT_CONVERSION = YES;
				CLANG_WARN_DIRECT_OBJC_ISA_USAGE = YES_ERROR;
				CLANG_WARN_EMPTY_BODY = YES;
				CLANG_WARN_ENUM_CONVERSION = YES;
				CLANG_WARN_INT_CONVERSION = YES;
				CLANG_WARN_OBJC_ROOT_CLASS = YES_ERROR;
				CLANG_WARN_UNREACHABLE_CODE = YES;
				CLANG_WARN__DUPLICATE_METHOD_MATCH = YES;
				"CODE_SIGN_IDENTITY[sdk=iphoneos*]" = "iPhone Developer";
				COPY_PHASE_STRIP = NO;
				ENABLE_STRICT_OBJC_MSGSEND = YES;
				GCC_C_LANGUAGE_STANDARD = gnu99;
				GCC_DYNAMIC_NO_PIC = NO;
				GCC_OPTIMIZATION_LEVEL = 0;
				GCC_PREPROCESSOR_DEFINITIONS = (
					"DEBUG=1",
					"$(inherited)",
				);
				GCC_SYMBOLS_PRIVATE_EXTERN = NO;
				GCC_WARN_64_TO_32_BIT_CONVERSION = YES;
				GCC_WARN_ABOUT_RETURN_TYPE = YES_ERROR;
				GCC_WARN_UNDECLARED_SELECTOR = YES;
				GCC_WARN_UNINITIALIZED_AUTOS = YES_AGGRESSIVE;
				GCC_WARN_UNUSED_FUNCTION = YES;
				GCC_WARN_UNUSED_VARIABLE = YES;
				IPHONEOS_DEPLOYMENT_TARGET = 8.1;
				MTL_ENABLE_DEBUG_INFO = YES;
				ONLY_ACTIVE_ARCH = YES;
				SDKROOT = iphoneos;
				SWIFT_OPTIMIZATION_LEVEL = "-Onone";
			};
			name = Debug;
		};
		B582C4891AAEF3CB0083AD9A /* Release */ = {
			isa = XCBuildConfiguration;
			buildSettings = {
				ALWAYS_SEARCH_USER_PATHS = NO;
				CLANG_CXX_LANGUAGE_STANDARD = "gnu++0x";
				CLANG_CXX_LIBRARY = "libc++";
				CLANG_ENABLE_MODULES = YES;
				CLANG_ENABLE_OBJC_ARC = YES;
				CLANG_WARN_BOOL_CONVERSION = YES;
				CLANG_WARN_CONSTANT_CONVERSION = YES;
				CLANG_WARN_DIRECT_OBJC_ISA_USAGE = YES_ERROR;
				CLANG_WARN_EMPTY_BODY = YES;
				CLANG_WARN_ENUM_CONVERSION = YES;
				CLANG_WARN_INT_CONVERSION = YES;
				CLANG_WARN_OBJC_ROOT_CLASS = YES_ERROR;
				CLANG_WARN_UNREACHABLE_CODE = YES;
				CLANG_WARN__DUPLICATE_METHOD_MATCH = YES;
				"CODE_SIGN_IDENTITY[sdk=iphoneos*]" = "iPhone Developer";
				COPY_PHASE_STRIP = YES;
				ENABLE_NS_ASSERTIONS = NO;
				ENABLE_STRICT_OBJC_MSGSEND = YES;
				GCC_C_LANGUAGE_STANDARD = gnu99;
				GCC_WARN_64_TO_32_BIT_CONVERSION = YES;
				GCC_WARN_ABOUT_RETURN_TYPE = YES_ERROR;
				GCC_WARN_UNDECLARED_SELECTOR = YES;
				GCC_WARN_UNINITIALIZED_AUTOS = YES_AGGRESSIVE;
				GCC_WARN_UNUSED_FUNCTION = YES;
				GCC_WARN_UNUSED_VARIABLE = YES;
				IPHONEOS_DEPLOYMENT_TARGET = 8.1;
				MTL_ENABLE_DEBUG_INFO = NO;
				SDKROOT = iphoneos;
				VALIDATE_PRODUCT = YES;
			};
			name = Release;
		};
		B582C48B1AAEF3CB0083AD9A /* Debug */ = {
			isa = XCBuildConfiguration;
			buildSettings = {
				ASSETCATALOG_COMPILER_APPICON_NAME = AppIcon;
				INFOPLIST_FILE = tips/Info.plist;
				IPHONEOS_DEPLOYMENT_TARGET = 8.0;
				LD_RUNPATH_SEARCH_PATHS = "$(inherited) @executable_path/Frameworks";
				PRODUCT_NAME = "$(TARGET_NAME)";
			};
			name = Debug;
		};
		B582C48C1AAEF3CB0083AD9A /* Release */ = {
			isa = XCBuildConfiguration;
			buildSettings = {
				ASSETCATALOG_COMPILER_APPICON_NAME = AppIcon;
				INFOPLIST_FILE = tips/Info.plist;
				IPHONEOS_DEPLOYMENT_TARGET = 8.0;
				LD_RUNPATH_SEARCH_PATHS = "$(inherited) @executable_path/Frameworks";
				PRODUCT_NAME = "$(TARGET_NAME)";
			};
			name = Release;
		};
		B582C48E1AAEF3CB0083AD9A /* Debug */ = {
			isa = XCBuildConfiguration;
			buildSettings = {
				BUNDLE_LOADER = "$(TEST_HOST)";
				FRAMEWORK_SEARCH_PATHS = (
					"$(SDKROOT)/Developer/Library/Frameworks",
					"$(inherited)",
				);
				GCC_PREPROCESSOR_DEFINITIONS = (
					"DEBUG=1",
					"$(inherited)",
				);
				INFOPLIST_FILE = tipsTests/Info.plist;
				LD_RUNPATH_SEARCH_PATHS = "$(inherited) @executable_path/Frameworks @loader_path/Frameworks";
				PRODUCT_NAME = "$(TARGET_NAME)";
				TEST_HOST = "$(BUILT_PRODUCTS_DIR)/tips.app/tips";
			};
			name = Debug;
		};
		B582C48F1AAEF3CB0083AD9A /* Release */ = {
			isa = XCBuildConfiguration;
			buildSettings = {
				BUNDLE_LOADER = "$(TEST_HOST)";
				FRAMEWORK_SEARCH_PATHS = (
					"$(SDKROOT)/Developer/Library/Frameworks",
					"$(inherited)",
				);
				INFOPLIST_FILE = tipsTests/Info.plist;
				LD_RUNPATH_SEARCH_PATHS = "$(inherited) @executable_path/Frameworks @loader_path/Frameworks";
				PRODUCT_NAME = "$(TARGET_NAME)";
				TEST_HOST = "$(BUILT_PRODUCTS_DIR)/tips.app/tips";
			};
			name = Release;
		};
/* End XCBuildConfiguration section */

/* Begin XCConfigurationList section */
		B582C4661AAEF3CA0083AD9A /* Build configuration list for PBXProject "tips" */ = {
			isa = XCConfigurationList;
			buildConfigurations = (
				B582C4881AAEF3CB0083AD9A /* Debug */,
				B582C4891AAEF3CB0083AD9A /* Release */,
			);
			defaultConfigurationIsVisible = 0;
			defaultConfigurationName = Release;
		};
		B582C48A1AAEF3CB0083AD9A /* Build configuration list for PBXNativeTarget "tips" */ = {
			isa = XCConfigurationList;
			buildConfigurations = (
				B582C48B1AAEF3CB0083AD9A /* Debug */,
				B582C48C1AAEF3CB0083AD9A /* Release */,
			);
			defaultConfigurationIsVisible = 0;
			defaultConfigurationName = Release;
		};
		B582C48D1AAEF3CB0083AD9A /* Build configuration list for PBXNativeTarget "tipsTests" */ = {
			isa = XCConfigurationList;
			buildConfigurations = (
				B582C48E1AAEF3CB0083AD9A /* Debug */,
				B582C48F1AAEF3CB0083AD9A /* Release */,
			);
			defaultConfigurationIsVisible = 0;
			defaultConfigurationName = Release;
		};
/* End XCConfigurationList section */
	};
	rootObject = B582C4631AAEF3CA0083AD9A /* Project object */;
}
